lockfileVersion: '9.0'

settings:
  autoInstallPeers: true
  excludeLinksFromLockfile: false

importers:

  .:
    devDependencies:
      typescript:
        specifier: 6.0.3
        version: 6.0.3

  apps/backend:
    dependencies:
      '@marketpulse/shared':
        specifier: workspace:*
        version: link:../../packages/shared
    devDependencies:
      '@types/node':
        specifier: 24.13.3
        version: 24.13.3
      typescript:
        specifier: 6.0.3
        version: 6.0.3

  apps/frontend:
    dependencies:
      '@marketpulse/shared':
        specifier: workspace:*
        version: link:../../packages/shared
    devDependencies:
      typescript:
        specifier: 6.0.3
        version: 6.0.3

  packages/shared:
    devDependencies:
      typescript:
        specifier: 6.0.3
        version: 6.0.3

packages:

  '@types/node@24.13.3':
    resolution: {integrity: sha512-Dh8vAsV36ig5wa9OX4pXvMc9D3Veibfw2wix0CUwYODLD8nkj9UsLjASr49nPg+2eKzxhBV+v7L8pXvT4e639Q==}

  typescript@6.0.3:
    resolution: {integrity: sha512-y2TvuxSZPDyQakkFRPZHKFm+KKVqIisdg9/CZwm9ftvKXLP8NRWj38/ODjNbr43SsoXqNuAisEf1GdCxqWcdBw==}
    engines: {node: '>=14.17'}
    hasBin: true

  undici-types@7.18.2:
    resolution: {integrity: sha512-AsuCzffGHJybSaRrmr5eHr81mwJU3kjw6M+uprWvCXiNeN9SOGwQ3Jn8jb8m3Z6izVgknn1R0FTCEAP2QrLY/w==}

snapshots:

  '@types/node@24.13.3':
    dependencies:
      undici-types: 7.18.2

  typescript@6.0.3: {}

  undici-types@7.18.2: {}
